
Microsoft Visual Studio Solution File, Format Version 12.00
# Visual Studio Version 16
VisualStudioVersion = 16.0.31624.102
MinimumVisualStudioVersion = 10.0.40219.1
Project("{FAE04EC0-301F-11D3-BF4B-00C04F79EFBC}") = "DienThoaiDiDong", "DienThoaiDiDong\DienThoaiDiDong.csproj", "{C2DA0832-1B5D-4F57-BAC3-6F78CE112297}"
EndProject
Project("{FAE04EC0-301F-11D3-BF4B-00C04F79EFBC}") = "MyClass", "MyClass\MyClass.csproj", "{12646E02-E82B-4BD0-AAD7-EE4A2FF06E78}"
EndProject
Global
	GlobalSection(SolutionConfigurationPlatforms) = preSolution
		Debug|Any CPU = Debug|Any CPU
		Release|Any CPU = Release|Any CPU
	EndGlobalSection
	GlobalSection(ProjectConfigurationPlatforms) = postSolution
		{C2DA0832-1B5D-4F57-BAC3-6F78CE112297}.Debug|Any CPU.ActiveCfg = Debug|Any CPU
		{C2DA0832-1B5D-4F57-BAC3-6F78CE112297}.Debug|Any CPU.Build.0 = Debug|Any CPU
		{C2DA0832-1B5D-4F57-BAC3-6F78CE112297}.Release|Any CPU.ActiveCfg = Release|Any CPU
		{C2DA0832-1B5D-4F57-BAC3-6F78CE112297}.Release|Any CPU.Build.0 = Release|Any CPU
		{12646E02-E82B-4BD0-AAD7-EE4A2FF06E78}.Debug|Any CPU.ActiveCfg = Debug|Any CPU
		{12646E02-E82B-4BD0-AAD7-EE4A2FF06E78}.Debug|Any CPU.Build.0 = Debug|Any CPU
		{12646E02-E82B-4BD0-AAD7-EE4A2FF06E78}.Release|Any CPU.ActiveCfg = Release|Any CPU
		{12646E02-E82B-4BD0-AAD7-EE4A2FF06E78}.Release|Any CPU.Build.0 = Release|Any CPU
	EndGlobalSection
	GlobalSection(SolutionProperties) = preSolution
		HideSolutionNode = FALSE
	EndGlobalSection
	GlobalSection(ExtensibilityGlobals) = postSolution
		SolutionGuid = {888F5C13-D640-4399-B8AD-2B9C685E3340}
	EndGlobalSection
EndGlobal
